<?xml version="1.0" encoding="utf-8"?>
<Project ToolsVersion="4.0" xmlns="http://schemas.microsoft.com/developer/msbuild/2003">
  <ItemGroup>
    <Filter Include="Archivos de origen">
      <UniqueIdentifier>{4FC737F1-C7A5-4376-A066-2A32D752A2FF}</UniqueIdentifier>
      <Extensions>cpp;c;cc;cxx;c++;cppm;ixx;def;odl;idl;hpj;bat;asm;asmx</Extensions>
    </Filter>
    <Filter Include="Archivos de encabezado">
      <UniqueIdentifier>{93995380-89BD-4b04-88EB-625FBE52EBFB}</UniqueIdentifier>
      <Extensions>h;hh;hpp;hxx;h++;hm;inl;inc;ipp;xsd</Extensions>
    </Filter>
    <Filter Include="Archivos de recursos">
      <UniqueIdentifier>{67DA6AB6-F800-4c08-8B7A-83BB121AAD01}</UniqueIdentifier>
      <Extensions>rc;ico;cur;bmp;dlg;rc2;rct;bin;rgs;gif;jpg;jpeg;jpe;resx;tiff;tif;png;wav;mfcribbon-ms</Extensions>
    </Filter>
    <Filter Include="Archivos de encabezado\Example">
      <UniqueIdentifier>{363ce6a7-18ed-44b1-8592-dfdb682ce1aa}</UniqueIdentifier>
    </Filter>
    <Filter Include="Archivos de origen\Example">
      <UniqueIdentifier>{dd58ac88-dc41-461c-9c16-c8ff9f00c935}</UniqueIdentifier>
    </Filter>
    <Filter Include="Archivos de encabezado\Figura">
      <UniqueIdentifier>{62802c54-e36d-4b98-955b-f31cbff7d3a5}</UniqueIdentifier>
    </Filter>
    <Filter Include="Archivos de origen\Figura">
      <UniqueIdentifier>{223f7c5a-1390-4a1e-a506-bdce86635757}</UniqueIdentifier>
    </Filter>
    <Filter Include="Archivos de encabezado\Figura\Figura3D">
      <UniqueIdentifier>{952e34b8-6c94-436e-b1c5-c775bbc6b803}</UniqueIdentifier>
    </Filter>
    <Filter Include="Archivos de origen\Figura\Figura3D">
      <UniqueIdentifier>{42aabe30-b36e-4c35-9e60-988c012979e6}</UniqueIdentifier>
    </Filter>
    <Filter Include="Archivos de encabezado\Figura\Figura2D">
      <UniqueIdentifier>{5464ef2a-6356-4500-a9c6-fd3444145ed2}</UniqueIdentifier>
    </Filter>
    <Filter Include="Archivos de origen\Figura\Figura2D">
      <UniqueIdentifier>{0d3c8459-aa7b-449c-b42d-0d556395f182}</UniqueIdentifier>
    </Filter>
    <Filter Include="Archivos de encabezado\Utility">
      <UniqueIdentifier>{952e2603-3e91-443d-b3aa-8dd370854d69}</UniqueIdentifier>
    </Filter>
    <Filter Include="Archivos de origen\Utility">
      <UniqueIdentifier>{1911adc3-aae8-459b-9a22-ecba7e7b21d1}</UniqueIdentifier>
    </Filter>
  </ItemGroup>
  <ItemGroup>
    <ClCompile Include="OpenGL.cpp">
      <Filter>Archivos de origen</Filter>
    </ClCompile>
    <ClCompile Include="Example.cpp">
      <Filter>Archivos de origen\Example</Filter>
    </ClCompile>
    <ClCompile Include="C:\Users\Marco\Downloads\OpenGL\OpenGL\Circulo.cpp">
      <Filter>Archivos de origen</Filter>
    </ClCompile>
    <ClCompile Include="C:\Users\Marco\Downloads\OpenGL\OpenGL\Color.cpp">
      <Filter>Archivos de origen</Filter>
    </ClCompile>
    <ClCompile Include="C:\Users\Marco\Downloads\OpenGL\OpenGL\Cuadrado.cpp">
      <Filter>Archivos de origen</Filter>
    </ClCompile>
    <ClCompile Include="C:\Users\Marco\Downloads\OpenGL\OpenGL\Cubo.cpp">
      <Filter>Archivos de origen</Filter>
    </ClCompile>
    <ClCompile Include="C:\Users\Marco\Downloads\OpenGL\OpenGL\Figura.cpp">
      <Filter>Archivos de origen</Filter>
    </ClCompile>
    <ClCompile Include="C:\Users\Marco\Downloads\OpenGL\OpenGL\Figura2D.cpp">
      <Filter>Archivos de origen</Filter>
    </ClCompile>
    <ClCompile Include="C:\Users\Marco\Downloads\OpenGL\OpenGL\Figura3D.cpp">
      <Filter>Archivos de origen</Filter>
    </ClCompile>
    <ClCompile Include="C:\Users\Marco\Downloads\OpenGL\OpenGL\Piramide.cpp">
      <Filter>Archivos de origen</Filter>
    </ClCompile>
    <ClCompile Include="C:\Users\Marco\Downloads\OpenGL\OpenGL\Transform.cpp">
      <Filter>Archivos de origen</Filter>
    </ClCompile>
    <ClCompile Include="C:\Users\Marco\Downloads\OpenGL\OpenGL\Triangulo.cpp">
      <Filter>Archivos de origen</Filter>
    </ClCompile>
    <ClCompile Include="C:\Users\Marco\Downloads\OpenGL\OpenGL\Example1.cpp">
      <Filter>Archivos de origen\Example</Filter>
    </ClCompile>
    <ClCompile Include="C:\Users\Marco\Downloads\OpenGL\OpenGL\Example2.cpp">
      <Filter>Archivos de origen\Example</Filter>
    </ClCompile>
    <ClCompile Include="C:\Users\Marco\Downloads\OpenGL\OpenGL\Example3.cpp">
      <Filter>Archivos de origen\Example</Filter>
    </ClCompile>
    <ClCompile Include="Esfera.cpp">
      <Filter>Archivos de origen</Filter>
    </ClCompile>
  </ItemGroup>
  <ItemGroup>
    <ClInclude Include="resource.h">
      <Filter>Archivos de encabezado</Filter>
    </ClInclude>
    <ClInclude Include="Example.h">
      <Filter>Archivos de encabezado\Example</Filter>
    </ClInclude>
    <ClInclude Include="C:\Users\Marco\Downloads\OpenGL\OpenGL\Circulo.h">
      <Filter>Archivos de encabezado</Filter>
    </ClInclude>
    <ClInclude Include="C:\Users\Marco\Downloads\OpenGL\OpenGL\Color.h">
      <Filter>Archivos de encabezado</Filter>
    </ClInclude>
    <ClInclude Include="C:\Users\Marco\Downloads\OpenGL\OpenGL\Cuadrado.h">
      <Filter>Archivos de encabezado</Filter>
    </ClInclude>
    <ClInclude Include="C:\Users\Marco\Downloads\OpenGL\OpenGL\Cubo.h">
      <Filter>Archivos de encabezado</Filter>
    </ClInclude>
    <ClInclude Include="C:\Users\Marco\Downloads\OpenGL\OpenGL\Figura.h">
      <Filter>Archivos de encabezado</Filter>
    </ClInclude>
    <ClInclude Include="C:\Users\Marco\Downloads\OpenGL\OpenGL\Figura2D.h">
      <Filter>Archivos de encabezado</Filter>
    </ClInclude>
    <ClInclude Include="C:\Users\Marco\Downloads\OpenGL\OpenGL\Figura3D.h">
      <Filter>Archivos de encabezado</Filter>
    </ClInclude>
    <ClInclude Include="C:\Users\Marco\Downloads\OpenGL\OpenGL\Piramide.h">
      <Filter>Archivos de encabezado</Filter>
    </ClInclude>
    <ClInclude Include="C:\Users\Marco\Downloads\OpenGL\OpenGL\Transform.h">
      <Filter>Archivos de encabezado</Filter>
    </ClInclude>
    <ClInclude Include="C:\Users\Marco\Downloads\OpenGL\OpenGL\Triangulo.h">
      <Filter>Archivos de encabezado</Filter>
    </ClInclude>
    <ClInclude Include="C:\Users\Marco\Downloads\OpenGL\OpenGL\Example1.h">
      <Filter>Archivos de encabezado\Example</Filter>
    </ClInclude>
    <ClInclude Include="C:\Users\Marco\Downloads\OpenGL\OpenGL\Example2.h">
      <Filter>Archivos de encabezado\Example</Filter>
    </ClInclude>
    <ClInclude Include="C:\Users\Marco\Downloads\OpenGL\OpenGL\Example3.h">
      <Filter>Archivos de encabezado\Example</Filter>
    </ClInclude>
    <ClInclude Include="Esfera.h">
      <Filter>Archivos de encabezado</Filter>
    </ClInclude>
  </ItemGroup>
  <ItemGroup>
    <ResourceCompile Include="OpenGL.rc">
      <Filter>Archivos de recursos</Filter>
    </ResourceCompile>
  </ItemGroup>
</Project>